
Microsoft Visual Studio Solution File, Format Version 12.00
# Visual Studio 15
VisualStudioVersion = 15.0.27428.2015
MinimumVisualStudioVersion = 10.0.40219.1
Project("{9A19103F-16F7-4668-BE54-9A1E7A4F7556}") = "SSO.Server", "SSO.Server\SSO.Server.csproj", "{4C97292A-1067-415E-A67A-3A93FD15E747}"
EndProject
Project("{9A19103F-16F7-4668-BE54-9A1E7A4F7556}") = "SSO.Client", "SSO.Client\SSO.Client.csproj", "{8DFCB40B-FA19-4E92-BABB-26AB99C11253}"
EndProject
Project("{9A19103F-16F7-4668-BE54-9A1E7A4F7556}") = "SSO.Client2", "SSO.Client2\SSO.Client2.csproj", "{3C738F38-27A2-414C-A518-400F780A5B30}"
EndProject
Global
	GlobalSection(SolutionConfigurationPlatforms) = preSolution
		Debug|Any CPU = Debug|Any CPU
		Release|Any CPU = Release|Any CPU
	EndGlobalSection
	GlobalSection(ProjectConfigurationPlatforms) = postSolution
		{4C97292A-1067-415E-A67A-3A93FD15E747}.Debug|Any CPU.ActiveCfg = Debug|Any CPU
		{4C97292A-1067-415E-A67A-3A93FD15E747}.Debug|Any CPU.Build.0 = Debug|Any CPU
		{4C97292A-1067-415E-A67A-3A93FD15E747}.Release|Any CPU.ActiveCfg = Release|Any CPU
		{4C97292A-1067-415E-A67A-3A93FD15E747}.Release|Any CPU.Build.0 = Release|Any CPU
		{8DFCB40B-FA19-4E92-BABB-26AB99C11253}.Debug|Any CPU.ActiveCfg = Debug|Any CPU
		{8DFCB40B-FA19-4E92-BABB-26AB99C11253}.Debug|Any CPU.Build.0 = Debug|Any CPU
		{8DFCB40B-FA19-4E92-BABB-26AB99C11253}.Release|Any CPU.ActiveCfg = Release|Any CPU
		{8DFCB40B-FA19-4E92-BABB-26AB99C11253}.Release|Any CPU.Build.0 = Release|Any CPU
		{3C738F38-27A2-414C-A518-400F780A5B30}.Debug|Any CPU.ActiveCfg = Debug|Any CPU
		{3C738F38-27A2-414C-A518-400F780A5B30}.Debug|Any CPU.Build.0 = Debug|Any CPU
		{3C738F38-27A2-414C-A518-400F780A5B30}.Release|Any CPU.ActiveCfg = Release|Any CPU
		{3C738F38-27A2-414C-A518-400F780A5B30}.Release|Any CPU.Build.0 = Release|Any CPU
	EndGlobalSection
	GlobalSection(SolutionProperties) = preSolution
		HideSolutionNode = FALSE
	EndGlobalSection
	GlobalSection(ExtensibilityGlobals) = postSolution
		SolutionGuid = {46F54CFF-F520-4A6F-B0B1-8FC5BA835C1B}
	EndGlobalSection
EndGlobal
